
Microsoft Visual Studio Solution File, Format Version 12.00
# Visual Studio Version 16
VisualStudioVersion = 25.0.1706.11
MinimumVisualStudioVersion = 10.0.40219.1
Project("{FAE04EC0-301F-11D3-BF4B-00C04F79EFBC}") = "SIMRS-CLI", "SIMRS-CLI\SIMRS-CLI.csproj", "{E345A4B2-56C7-41F0-938D-C21262A232F3}"
EndProject
Project("{FAE04EC0-301F-11D3-BF4B-00C04F79EFBC}") = "SIMRS-API", "SIMRS-API\SIMRS-API.csproj", "{37A4E9E9-4117-41A0-B799-3CA0FC1025CC}"
EndProject
Project("{FAE04EC0-301F-11D3-BF4B-00C04F79EFBC}") = "SIMRS-LIB", "SIMRS-LIB\SIMRS-LIB.csproj", "{AF2F7554-D90E-468F-B098-1050939342E2}"
EndProject
Global
	GlobalSection(SolutionConfigurationPlatforms) = preSolution
		Debug|Any CPU = Debug|Any CPU
		Release|Any CPU = Release|Any CPU
	EndGlobalSection
	GlobalSection(ProjectConfigurationPlatforms) = postSolution
		{E345A4B2-56C7-41F0-938D-C21262A232F3}.Debug|Any CPU.ActiveCfg = Debug|Any CPU
		{E345A4B2-56C7-41F0-938D-C21262A232F3}.Debug|Any CPU.Build.0 = Debug|Any CPU
		{E345A4B2-56C7-41F0-938D-C21262A232F3}.Release|Any CPU.ActiveCfg = Release|Any CPU
		{E345A4B2-56C7-41F0-938D-C21262A232F3}.Release|Any CPU.Build.0 = Release|Any CPU
		{37A4E9E9-4117-41A0-B799-3CA0FC1025CC}.Debug|Any CPU.ActiveCfg = Debug|Any CPU
		{37A4E9E9-4117-41A0-B799-3CA0FC1025CC}.Debug|Any CPU.Build.0 = Debug|Any CPU
		{37A4E9E9-4117-41A0-B799-3CA0FC1025CC}.Release|Any CPU.ActiveCfg = Release|Any CPU
		{37A4E9E9-4117-41A0-B799-3CA0FC1025CC}.Release|Any CPU.Build.0 = Release|Any CPU
		{AF2F7554-D90E-468F-B098-1050939342E2}.Debug|Any CPU.ActiveCfg = Debug|Any CPU
		{AF2F7554-D90E-468F-B098-1050939342E2}.Debug|Any CPU.Build.0 = Debug|Any CPU
		{AF2F7554-D90E-468F-B098-1050939342E2}.Release|Any CPU.ActiveCfg = Release|Any CPU
		{AF2F7554-D90E-468F-B098-1050939342E2}.Release|Any CPU.Build.0 = Release|Any CPU
	EndGlobalSection
	GlobalSection(SolutionProperties) = preSolution
		HideSolutionNode = FALSE
	EndGlobalSection
	GlobalSection(ExtensibilityGlobals) = postSolution
		SolutionGuid = {15FCC5DF-1E88-456D-9306-7BAA47BD7644}
	EndGlobalSection
EndGlobal
